
Microsoft Visual Studio Solution File, Format Version 12.00
# Visual Studio 2017
Project("{FAE04EC0-301F-11D3-BF4B-00C04F79EFBC}") = "The-Village", "The-Village.csproj", "{B96E63FA-7492-BC08-97D5-1521862DA633}"
EndProject
Global
	GlobalSection(SolutionConfigurationPlatforms) = preSolution
		Debug|Any CPU = Debug|Any CPU
		Release|Any CPU = Release|Any CPU
	EndGlobalSection
	GlobalSection(ProjectConfigurationPlatforms) = postSolution
		{B96E63FA-7492-BC08-97D5-1521862DA633}.Debug|Any CPU.ActiveCfg = Debug|Any CPU
		{B96E63FA-7492-BC08-97D5-1521862DA633}.Debug|Any CPU.Build.0 = Debug|Any CPU
		{B96E63FA-7492-BC08-97D5-1521862DA633}.Release|Any CPU.ActiveCfg = Release|Any CPU
		{B96E63FA-7492-BC08-97D5-1521862DA633}.Release|Any CPU.Build.0 = Release|Any CPU
	EndGlobalSection
	GlobalSection(SolutionProperties) = preSolution
		HideSolutionNode = FALSE
	EndGlobalSection
EndGlobal
